# THIS IS AN AUTOGENERATED FILE. DO NOT EDIT THIS FILE DIRECTLY.
# yarn lockfile v1


bobril-m-icons@*:
  version "2.1.0"
  resolved "https://registry.yarnpkg.com/bobril-m-icons/-/bobril-m-icons-2.1.0.tgz#32f81d515a7faf71f857a2ed1b637ec566f4161f"
  integrity sha1-MvgdUVp/r3H4V6LtG2N+xWb0Fh8=
  dependencies:
    bobril "*"

bobril-m@*:
  version "0.13.1"
  resolved "https://registry.yarnpkg.com/bobril-m/-/bobril-m-0.13.1.tgz#34f32c453251fc14ac3e19d5c75235f376893230"
  integrity sha512-6zBwFMYwphWa5xCFrt0kIeeMSp9e6qaS7Nrm0DBzjuVK+l1yC9lP/ovX7WGlElIbdUHLfUKtiAeqWF5q8OPajw==
  dependencies:
    bobril "*"
    bobril-m-icons "*"
    webfontloader "^1.6.21"

bobril@*:
  version "9.0.0"
  resolved "https://registry.yarnpkg.com/bobril/-/bobril-9.0.0.tgz#b9dfd52afc5f357df13387b7d33671bb229976bd"
  integrity sha512-IZ6QDa6TL8k/dKU0RsetZZou0OozQLM3x/ak7w5BXfsu3j5HEfD7bSRLeZSJWYvslqKittNkbYuT9QkSpVDGdg==

bobx@*:
  version "0.24.5"
  resolved "https://registry.yarnpkg.com/bobx/-/bobx-0.24.5.tgz#f262e5b16a60d0ac47ebf0b20a149f0e7926671b"
  integrity sha512-l40SMYf4mXdwHvuCFld9g7SqvELWQ/rXkkdt8afuVULrzYgGIDwRVq/4MSgytt0tJ10662IngQuf02QGdmN7og==
  dependencies:
    bobril "*"

typescript@*:
  version "3.3.3333"
  resolved "https://registry.yarnpkg.com/typescript/-/typescript-3.3.3333.tgz#171b2c5af66c59e9431199117a3bcadc66fdcfd6"
  integrity sha512-JjSKsAfuHBE/fB2oZ8NxtRTk5iGcg6hkYXMnZ3Wc+b2RSqejEqTaem11mHASMnFilHrax3sLK0GDzcJrekZYLw==

webfontloader@^1.6.21:
  version "1.6.28"
  resolved "https://registry.yarnpkg.com/webfontloader/-/webfontloader-1.6.28.tgz#db786129253cb6e8eae54c2fb05f870af6675bae"
  integrity sha1-23hhKSU8tujq5UwvsF+HCvZnW64=
