# THIS IS AN AUTOGENERATED FILE. DO NOT EDIT THIS FILE DIRECTLY.
# yarn lockfile v1


bobril-m-icons@*:
  version "2.1.0"
  resolved "https://registry.yarnpkg.com/bobril-m-icons/-/bobril-m-icons-2.1.0.tgz#32f81d515a7faf71f857a2ed1b637ec566f4161f"
  integrity sha1-MvgdUVp/r3H4V6LtG2N+xWb0Fh8=
  dependencies:
    bobril "*"

bobril-m@*:
  version "0.14.0"
  resolved "https://registry.yarnpkg.com/bobril-m/-/bobril-m-0.14.0.tgz#92f5294bb8679c6bd812ce887eaf4a3f08ff40fc"
  integrity sha512-4lrADjE0NeEa9trm0fwQMPuoq6VGbhd/IazOqUNGrKm5No8xP/LBRGJGrT+bPCp2GkioTvc7tjdz/IUAZ2rPaw==
  dependencies:
    bobril "*"
    bobril-m-icons "*"
    webfontloader "^1.6.21"

bobril@*:
  version "9.6.0"
  resolved "https://registry.yarnpkg.com/bobril/-/bobril-9.6.0.tgz#685b66f0021e0162393ba51610118884b88da5ac"
  integrity sha512-atZxL2EUQ5R/AStVXRVyoRnmrXu5z09uBL8zP6U6KsilUZZuwxMp5dRZFRj4enhJRnuw9EylVAhj3i9/tfavdQ==

bobx@*:
  version "0.24.5"
  resolved "https://registry.yarnpkg.com/bobx/-/bobx-0.24.5.tgz#f262e5b16a60d0ac47ebf0b20a149f0e7926671b"
  integrity sha512-l40SMYf4mXdwHvuCFld9g7SqvELWQ/rXkkdt8afuVULrzYgGIDwRVq/4MSgytt0tJ10662IngQuf02QGdmN7og==
  dependencies:
    bobril "*"

typescript@*:
  version "3.3.3333"
  resolved "https://registry.yarnpkg.com/typescript/-/typescript-3.3.3333.tgz#171b2c5af66c59e9431199117a3bcadc66fdcfd6"
  integrity sha512-JjSKsAfuHBE/fB2oZ8NxtRTk5iGcg6hkYXMnZ3Wc+b2RSqejEqTaem11mHASMnFilHrax3sLK0GDzcJrekZYLw==

webfontloader@^1.6.21:
  version "1.6.28"
  resolved "https://registry.yarnpkg.com/webfontloader/-/webfontloader-1.6.28.tgz#db786129253cb6e8eae54c2fb05f870af6675bae"
  integrity sha1-23hhKSU8tujq5UwvsF+HCvZnW64=
