# THIS IS AN AUTOGENERATED FILE. DO NOT EDIT THIS FILE DIRECTLY.
# yarn lockfile v1


bobril-m-icons@*:
  version "2.1.0"
  resolved "https://registry.yarnpkg.com/bobril-m-icons/-/bobril-m-icons-2.1.0.tgz#32f81d515a7faf71f857a2ed1b637ec566f4161f"
  integrity sha1-MvgdUVp/r3H4V6LtG2N+xWb0Fh8=
  dependencies:
    bobril "*"

bobril-m@*:
  version "0.13.1"
  resolved "https://registry.yarnpkg.com/bobril-m/-/bobril-m-0.13.1.tgz#34f32c453251fc14ac3e19d5c75235f376893230"
  integrity sha512-6zBwFMYwphWa5xCFrt0kIeeMSp9e6qaS7Nrm0DBzjuVK+l1yC9lP/ovX7WGlElIbdUHLfUKtiAeqWF5q8OPajw==
  dependencies:
    bobril "*"
    bobril-m-icons "*"
    webfontloader "^1.6.21"

bobril@*:
  version "8.21.0"
  resolved "https://registry.yarnpkg.com/bobril/-/bobril-8.21.0.tgz#8feb9a19af5f94a872147a0ddfa154c2a453ca81"
  integrity sha512-mli2FZCd8PkA0F+v8kruuvof9t7VIYLiIO5XJNdKAyGO5gMw3tAjhKzYj71CN8YPhMySWh4TOObBXin0npChmQ==

bobx@*:
  version "0.24.5"
  resolved "https://registry.yarnpkg.com/bobx/-/bobx-0.24.5.tgz#f262e5b16a60d0ac47ebf0b20a149f0e7926671b"
  integrity sha512-l40SMYf4mXdwHvuCFld9g7SqvELWQ/rXkkdt8afuVULrzYgGIDwRVq/4MSgytt0tJ10662IngQuf02QGdmN7og==
  dependencies:
    bobril "*"

typescript@*:
  version "3.3.3"
  resolved "https://registry.yarnpkg.com/typescript/-/typescript-3.3.3.tgz#f1657fc7daa27e1a8930758ace9ae8da31403221"
  integrity sha512-Y21Xqe54TBVp+VDSNbuDYdGw0BpoR/Q6wo/+35M8PAU0vipahnyduJWirxxdxjsAkS7hue53x2zp8gz7F05u0A==

webfontloader@^1.6.21:
  version "1.6.28"
  resolved "https://registry.yarnpkg.com/webfontloader/-/webfontloader-1.6.28.tgz#db786129253cb6e8eae54c2fb05f870af6675bae"
  integrity sha1-23hhKSU8tujq5UwvsF+HCvZnW64=
